
Microsoft Visual Studio Solution File, Format Version 12.00
# Visual Studio Version 17
VisualStudioVersion = 17.0.31903.59
MinimumVisualStudioVersion = 10.0.40219.1
Project("{FAE04EC0-301F-11D3-BF4B-00C04F79EFBC}") = "PongSharp.App", "src\PongSharp.App.csproj", "{2D2115F0-1A6F-4FD4-B2F2-02C5D02946F2}"
EndProject
Project("{9A19103F-16F7-4668-BE54-9A1E7A4F7556}") = "_build", "build\_build.csproj", "{5EF7A0E0-1F2A-4683-967F-55A73423182C}"
EndProject
Global
	GlobalSection(SolutionConfigurationPlatforms) = preSolution
		Debug|Any CPU = Debug|Any CPU
		Release|Any CPU = Release|Any CPU
	EndGlobalSection
	GlobalSection(SolutionProperties) = preSolution
		HideSolutionNode = FALSE
	EndGlobalSection
	GlobalSection(ProjectConfigurationPlatforms) = postSolution
		{5EF7A0E0-1F2A-4683-967F-55A73423182C}.Debug|Any CPU.ActiveCfg = Debug|Any CPU
		{5EF7A0E0-1F2A-4683-967F-55A73423182C}.Release|Any CPU.ActiveCfg = Release|Any CPU
		{2D2115F0-1A6F-4FD4-B2F2-02C5D02946F2}.Debug|Any CPU.ActiveCfg = Debug|Any CPU
		{2D2115F0-1A6F-4FD4-B2F2-02C5D02946F2}.Debug|Any CPU.Build.0 = Debug|Any CPU
		{2D2115F0-1A6F-4FD4-B2F2-02C5D02946F2}.Release|Any CPU.ActiveCfg = Release|Any CPU
		{2D2115F0-1A6F-4FD4-B2F2-02C5D02946F2}.Release|Any CPU.Build.0 = Release|Any CPU
	EndGlobalSection
EndGlobal
